// !$*UTF8*$!
{
	archiveVersion = 1;
	classes = {
	};
	objectVersion = 56;
	objects = {

/* Begin PBXBuildFile section */
		3F18AFB52C3D3EC500051AEC /* .gitignore in Resources */ = {isa = PBXBuildFile; fileRef = 3F18AFB42C3D3EC500051AEC /* .gitignore */; };
		3F3D4D212C3D6488008F0DA6 /* PaleOrangeBtn.swift in Sources */ = {isa = PBXBuildFile; fileRef = 3F3D4D202C3D6488008F0DA6 /* PaleOrangeBtn.swift */; };
		3FBF581E2C42692000C8165D /* SignUpVC.swift in Sources */ = {isa = PBXBuildFile; fileRef = 3FBF581D2C42692000C8165D /* SignUpVC.swift */; };
		3FBF58202C42692B00C8165D /* SignInVC.swift in Sources */ = {isa = PBXBuildFile; fileRef = 3FBF581F2C42692B00C8165D /* SignInVC.swift */; };
		3FBF58232C42716E00C8165D /* MainLabel.swift in Sources */ = {isa = PBXBuildFile; fileRef = 3FBF58222C42716E00C8165D /* MainLabel.swift */; };
		3FBF58252C42735C00C8165D /* SubLabel.swift in Sources */ = {isa = PBXBuildFile; fileRef = 3FBF58242C42735C00C8165D /* SubLabel.swift */; };
		3FBF58282C427B7900C8165D /* AuthTextField.swift in Sources */ = {isa = PBXBuildFile; fileRef = 3FBF58272C427B7900C8165D /* AuthTextField.swift */; };
		3FC39F492C3D2AFB009FAC95 /* AppDelegate.swift in Sources */ = {isa = PBXBuildFile; fileRef = 3FC39F482C3D2AFB009FAC95 /* AppDelegate.swift */; };
		3FC39F4B2C3D2AFB009FAC95 /* SceneDelegate.swift in Sources */ = {isa = PBXBuildFile; fileRef = 3FC39F4A2C3D2AFB009FAC95 /* SceneDelegate.swift */; };
		3FC39F4D2C3D2AFB009FAC95 /* GreetingVC.swift in Sources */ = {isa = PBXBuildFile; fileRef = 3FC39F4C2C3D2AFB009FAC95 /* GreetingVC.swift */; };
		3FC39F522C3D2AFB009FAC95 /* Assets.xcassets in Resources */ = {isa = PBXBuildFile; fileRef = 3FC39F512C3D2AFB009FAC95 /* Assets.xcassets */; };
		3FD1341D2C3D8AC40031969F /* Launch Screen.storyboard in Resources */ = {isa = PBXBuildFile; fileRef = 3FD1341C2C3D8AC40031969F /* Launch Screen.storyboard */; };
		3FD134282C3D8D130031969F /* UIColor + Extension.swift in Sources */ = {isa = PBXBuildFile; fileRef = 3FD134272C3D8D130031969F /* UIColor + Extension.swift */; };
		5911E406E2B664FCAEBAE746 /* Pods_TodoBucketApp.framework in Frameworks */ = {isa = PBXBuildFile; fileRef = FB4139BB410003FC604859AD /* Pods_TodoBucketApp.framework */; };
/* End PBXBuildFile section */

/* Begin PBXFileReference section */
		204E7255245073C8DA9810FE /* Pods-TodoBucketApp.release.xcconfig */ = {isa = PBXFileReference; includeInIndex = 1; lastKnownFileType = text.xcconfig; name = "Pods-TodoBucketApp.release.xcconfig"; path = "Target Support Files/Pods-TodoBucketApp/Pods-TodoBucketApp.release.xcconfig"; sourceTree = "<group>"; };
		3F18AFB42C3D3EC500051AEC /* .gitignore */ = {isa = PBXFileReference; lastKnownFileType = text; path = .gitignore; sourceTree = "<group>"; };
		3F3D4D202C3D6488008F0DA6 /* PaleOrangeBtn.swift */ = {isa = PBXFileReference; lastKnownFileType = sourcecode.swift; path = PaleOrangeBtn.swift; sourceTree = "<group>"; };
		3FBF581D2C42692000C8165D /* SignUpVC.swift */ = {isa = PBXFileReference; lastKnownFileType = sourcecode.swift; path = SignUpVC.swift; sourceTree = "<group>"; };
		3FBF581F2C42692B00C8165D /* SignInVC.swift */ = {isa = PBXFileReference; lastKnownFileType = sourcecode.swift; path = SignInVC.swift; sourceTree = "<group>"; };
		3FBF58222C42716E00C8165D /* MainLabel.swift */ = {isa = PBXFileReference; lastKnownFileType = sourcecode.swift; path = MainLabel.swift; sourceTree = "<group>"; };
		3FBF58242C42735C00C8165D /* SubLabel.swift */ = {isa = PBXFileReference; lastKnownFileType = sourcecode.swift; path = SubLabel.swift; sourceTree = "<group>"; };
		3FBF58272C427B7900C8165D /* AuthTextField.swift */ = {isa = PBXFileReference; lastKnownFileType = sourcecode.swift; path = AuthTextField.swift; sourceTree = "<group>"; };
		3FC39F452C3D2AFB009FAC95 /* TodoBucketApp.app */ = {isa = PBXFileReference; explicitFileType = wrapper.application; includeInIndex = 0; path = TodoBucketApp.app; sourceTree = BUILT_PRODUCTS_DIR; };
		3FC39F482C3D2AFB009FAC95 /* AppDelegate.swift */ = {isa = PBXFileReference; lastKnownFileType = sourcecode.swift; path = AppDelegate.swift; sourceTree = "<group>"; };
		3FC39F4A2C3D2AFB009FAC95 /* SceneDelegate.swift */ = {isa = PBXFileReference; lastKnownFileType = sourcecode.swift; path = SceneDelegate.swift; sourceTree = "<group>"; };
		3FC39F4C2C3D2AFB009FAC95 /* GreetingVC.swift */ = {isa = PBXFileReference; lastKnownFileType = sourcecode.swift; path = GreetingVC.swift; sourceTree = "<group>"; };
		3FC39F512C3D2AFB009FAC95 /* Assets.xcassets */ = {isa = PBXFileReference; lastKnownFileType = folder.assetcatalog; path = Assets.xcassets; sourceTree = "<group>"; };
		3FC39F562C3D2AFB009FAC95 /* Info.plist */ = {isa = PBXFileReference; lastKnownFileType = text.plist.xml; path = Info.plist; sourceTree = "<group>"; };
		3FD1341C2C3D8AC40031969F /* Launch Screen.storyboard */ = {isa = PBXFileReference; lastKnownFileType = file.storyboard; path = "Launch Screen.storyboard"; sourceTree = "<group>"; };
		3FD134272C3D8D130031969F /* UIColor + Extension.swift */ = {isa = PBXFileReference; lastKnownFileType = sourcecode.swift; path = "UIColor + Extension.swift"; sourceTree = "<group>"; };
		A088B595E166346ABD1D43C5 /* Pods-TodoBucketApp.debug.xcconfig */ = {isa = PBXFileReference; includeInIndex = 1; lastKnownFileType = text.xcconfig; name = "Pods-TodoBucketApp.debug.xcconfig"; path = "Target Support Files/Pods-TodoBucketApp/Pods-TodoBucketApp.debug.xcconfig"; sourceTree = "<group>"; };
		FB4139BB410003FC604859AD /* Pods_TodoBucketApp.framework */ = {isa = PBXFileReference; explicitFileType = wrapper.framework; includeInIndex = 0; path = Pods_TodoBucketApp.framework; sourceTree = BUILT_PRODUCTS_DIR; };
/* End PBXFileReference section */

/* Begin PBXFrameworksBuildPhase section */
		3FC39F422C3D2AFB009FAC95 /* Frameworks */ = {
			isa = PBXFrameworksBuildPhase;
			buildActionMask = 2147483647;
			files = (
				5911E406E2B664FCAEBAE746 /* Pods_TodoBucketApp.framework in Frameworks */,
			);
			runOnlyForDeploymentPostprocessing = 0;
		};
/* End PBXFrameworksBuildPhase section */

/* Begin PBXGroup section */
		3E94C69083882FA54B69BE9D /* Pods */ = {
			isa = PBXGroup;
			children = (
				A088B595E166346ABD1D43C5 /* Pods-TodoBucketApp.debug.xcconfig */,
				204E7255245073C8DA9810FE /* Pods-TodoBucketApp.release.xcconfig */,
			);
			path = Pods;
			sourceTree = "<group>";
		};
		3F3D4D222C3D7ACC008F0DA6 /* Resource */ = {
			isa = PBXGroup;
			children = (
				3FC39F512C3D2AFB009FAC95 /* Assets.xcassets */,
				3FD1341C2C3D8AC40031969F /* Launch Screen.storyboard */,
			);
			path = Resource;
			sourceTree = "<group>";
		};
		3F3D4D242C3D7AE7008F0DA6 /* Model */ = {
			isa = PBXGroup;
			children = (
			);
			path = Model;
			sourceTree = "<group>";
		};
		3F3D4D252C3D7AEF008F0DA6 /* View */ = {
			isa = PBXGroup;
			children = (
			);
			path = View;
			sourceTree = "<group>";
		};
		3F3D4D262C3D7AF7008F0DA6 /* ViewController */ = {
			isa = PBXGroup;
			children = (
				3FD134262C3D8C550031969F /* Tab */,
				3FD134252C3D8C4D0031969F /* Base */,
			);
			path = ViewController;
			sourceTree = "<group>";
		};
		3F3D4D272C3D7B0F008F0DA6 /* Extension */ = {
			isa = PBXGroup;
			children = (
				3FD134272C3D8D130031969F /* UIColor + Extension.swift */,
			);
			path = Extension;
			sourceTree = "<group>";
		};
		3FBF58212C426FFF00C8165D /* Label */ = {
			isa = PBXGroup;
			children = (
				3FBF58222C42716E00C8165D /* MainLabel.swift */,
				3FBF58242C42735C00C8165D /* SubLabel.swift */,
			);
			path = Label;
			sourceTree = "<group>";
		};
		3FBF58262C427B5400C8165D /* TextField */ = {
			isa = PBXGroup;
			children = (
				3FBF58272C427B7900C8165D /* AuthTextField.swift */,
			);
			path = TextField;
			sourceTree = "<group>";
		};
		3FC39F3C2C3D2AFA009FAC95 = {
			isa = PBXGroup;
			children = (
				3F18AFB42C3D3EC500051AEC /* .gitignore */,
				3FC39F472C3D2AFB009FAC95 /* TodoBucketApp */,
				3FC39F462C3D2AFB009FAC95 /* Products */,
				3E94C69083882FA54B69BE9D /* Pods */,
				A78DADDCD4BBB2643BE03B67 /* Frameworks */,
			);
			sourceTree = "<group>";
		};
		3FC39F462C3D2AFB009FAC95 /* Products */ = {
			isa = PBXGroup;
			children = (
				3FC39F452C3D2AFB009FAC95 /* TodoBucketApp.app */,
			);
			name = Products;
			sourceTree = "<group>";
		};
		3FC39F472C3D2AFB009FAC95 /* TodoBucketApp */ = {
			isa = PBXGroup;
			children = (
				3FD1341F2C3D8B280031969F /* Application */,
				3F3D4D252C3D7AEF008F0DA6 /* View */,
				3F3D4D242C3D7AE7008F0DA6 /* Model */,
				3F3D4D262C3D7AF7008F0DA6 /* ViewController */,
				3FD1341E2C3D8B1D0031969F /* Custom */,
				3F3D4D272C3D7B0F008F0DA6 /* Extension */,
				3F3D4D222C3D7ACC008F0DA6 /* Resource */,
				3FC39F562C3D2AFB009FAC95 /* Info.plist */,
			);
			path = TodoBucketApp;
			sourceTree = "<group>";
		};
		3FD1341E2C3D8B1D0031969F /* Custom */ = {
			isa = PBXGroup;
			children = (
				3FBF58262C427B5400C8165D /* TextField */,
				3FBF58212C426FFF00C8165D /* Label */,
				3FD134242C3D8C250031969F /* TableViewCell */,
				3FD134232C3D8C1A0031969F /* View */,
				3FD134222C3D8C0D0031969F /* Button */,
				3F3D4D202C3D6488008F0DA6 /* PaleOrangeBtn.swift */,
			);
			path = Custom;
			sourceTree = "<group>";
		};
		3FD1341F2C3D8B280031969F /* Application */ = {
			isa = PBXGroup;
			children = (
				3FC39F482C3D2AFB009FAC95 /* AppDelegate.swift */,
				3FC39F4A2C3D2AFB009FAC95 /* SceneDelegate.swift */,
			);
			path = Application;
			sourceTree = "<group>";
		};
		3FD134222C3D8C0D0031969F /* Button */ = {
			isa = PBXGroup;
			children = (
			);
			path = Button;
			sourceTree = "<group>";
		};
		3FD134232C3D8C1A0031969F /* View */ = {
			isa = PBXGroup;
			children = (
			);
			path = View;
			sourceTree = "<group>";
		};
		3FD134242C3D8C250031969F /* TableViewCell */ = {
			isa = PBXGroup;
			children = (
			);
			path = TableViewCell;
			sourceTree = "<group>";
		};
		3FD134252C3D8C4D0031969F /* Base */ = {
			isa = PBXGroup;
			children = (
				3FC39F4C2C3D2AFB009FAC95 /* GreetingVC.swift */,
				3FBF581D2C42692000C8165D /* SignUpVC.swift */,
				3FBF581F2C42692B00C8165D /* SignInVC.swift */,
			);
			path = Base;
			sourceTree = "<group>";
		};
		3FD134262C3D8C550031969F /* Tab */ = {
			isa = PBXGroup;
			children = (
			);
			path = Tab;
			sourceTree = "<group>";
		};
		A78DADDCD4BBB2643BE03B67 /* Frameworks */ = {
			isa = PBXGroup;
			children = (
				FB4139BB410003FC604859AD /* Pods_TodoBucketApp.framework */,
			);
			name = Frameworks;
			sourceTree = "<group>";
		};
/* End PBXGroup section */

/* Begin PBXNativeTarget section */
		3FC39F442C3D2AFB009FAC95 /* TodoBucketApp */ = {
			isa = PBXNativeTarget;
			buildConfigurationList = 3FC39F592C3D2AFB009FAC95 /* Build configuration list for PBXNativeTarget "TodoBucketApp" */;
			buildPhases = (
				72B4A0DFEBEDE078E4E747F6 /* [CP] Check Pods Manifest.lock */,
				3FC39F412C3D2AFB009FAC95 /* Sources */,
				3FC39F422C3D2AFB009FAC95 /* Frameworks */,
				3FC39F432C3D2AFB009FAC95 /* Resources */,
				D2AB4DBB0CB668A17A2EBC01 /* [CP] Embed Pods Frameworks */,
			);
			buildRules = (
			);
			dependencies = (
			);
			name = TodoBucketApp;
			productName = TodoBucketApp;
			productReference = 3FC39F452C3D2AFB009FAC95 /* TodoBucketApp.app */;
			productType = "com.apple.product-type.application";
		};
/* End PBXNativeTarget section */

/* Begin PBXProject section */
		3FC39F3D2C3D2AFA009FAC95 /* Project object */ = {
			isa = PBXProject;
			attributes = {
				BuildIndependentTargetsInParallel = 1;
				LastSwiftUpdateCheck = 1520;
				LastUpgradeCheck = 1520;
				TargetAttributes = {
					3FC39F442C3D2AFB009FAC95 = {
						CreatedOnToolsVersion = 15.2;
					};
				};
			};
			buildConfigurationList = 3FC39F402C3D2AFA009FAC95 /* Build configuration list for PBXProject "TodoBucketApp" */;
			compatibilityVersion = "Xcode 14.0";
			developmentRegion = en;
			hasScannedForEncodings = 0;
			knownRegions = (
				en,
				Base,
			);
			mainGroup = 3FC39F3C2C3D2AFA009FAC95;
			productRefGroup = 3FC39F462C3D2AFB009FAC95 /* Products */;
			projectDirPath = "";
			projectRoot = "";
			targets = (
				3FC39F442C3D2AFB009FAC95 /* TodoBucketApp */,
			);
		};
/* End PBXProject section */

/* Begin PBXResourcesBuildPhase section */
		3FC39F432C3D2AFB009FAC95 /* Resources */ = {
			isa = PBXResourcesBuildPhase;
			buildActionMask = 2147483647;
			files = (
				3FD1341D2C3D8AC40031969F /* Launch Screen.storyboard in Resources */,
				3F18AFB52C3D3EC500051AEC /* .gitignore in Resources */,
				3FC39F522C3D2AFB009FAC95 /* Assets.xcassets in Resources */,
			);
			runOnlyForDeploymentPostprocessing = 0;
		};
/* End PBXResourcesBuildPhase section */

/* Begin PBXShellScriptBuildPhase section */
		72B4A0DFEBEDE078E4E747F6 /* [CP] Check Pods Manifest.lock */ = {
			isa = PBXShellScriptBuildPhase;
			buildActionMask = 2147483647;
			files = (
			);
			inputFileListPaths = (
			);
			inputPaths = (
				"${PODS_PODFILE_DIR_PATH}/Podfile.lock",
				"${PODS_ROOT}/Manifest.lock",
			);
			name = "[CP] Check Pods Manifest.lock";
			outputFileListPaths = (
			);
			outputPaths = (
				"$(DERIVED_FILE_DIR)/Pods-TodoBucketApp-checkManifestLockResult.txt",
			);
			runOnlyForDeploymentPostprocessing = 0;
			shellPath = /bin/sh;
			shellScript = "diff \"${PODS_PODFILE_DIR_PATH}/Podfile.lock\" \"${PODS_ROOT}/Manifest.lock\" > /dev/null\nif [ $? != 0 ] ; then\n    # print error to STDERR\n    echo \"error: The sandbox is not in sync with the Podfile.lock. Run 'pod install' or update your CocoaPods installation.\" >&2\n    exit 1\nfi\n# This output is used by Xcode 'outputs' to avoid re-running this script phase.\necho \"SUCCESS\" > \"${SCRIPT_OUTPUT_FILE_0}\"\n";
			showEnvVarsInLog = 0;
		};
		D2AB4DBB0CB668A17A2EBC01 /* [CP] Embed Pods Frameworks */ = {
			isa = PBXShellScriptBuildPhase;
			buildActionMask = 2147483647;
			files = (
			);
			inputFileListPaths = (
				"${PODS_ROOT}/Target Support Files/Pods-TodoBucketApp/Pods-TodoBucketApp-frameworks-${CONFIGURATION}-input-files.xcfilelist",
			);
			name = "[CP] Embed Pods Frameworks";
			outputFileListPaths = (
				"${PODS_ROOT}/Target Support Files/Pods-TodoBucketApp/Pods-TodoBucketApp-frameworks-${CONFIGURATION}-output-files.xcfilelist",
			);
			runOnlyForDeploymentPostprocessing = 0;
			shellPath = /bin/sh;
			shellScript = "\"${PODS_ROOT}/Target Support Files/Pods-TodoBucketApp/Pods-TodoBucketApp-frameworks.sh\"\n";
			showEnvVarsInLog = 0;
		};
/* End PBXShellScriptBuildPhase section */

/* Begin PBXSourcesBuildPhase section */
		3FC39F412C3D2AFB009FAC95 /* Sources */ = {
			isa = PBXSourcesBuildPhase;
			buildActionMask = 2147483647;
			files = (
				3FC39F4D2C3D2AFB009FAC95 /* GreetingVC.swift in Sources */,
				3FBF58282C427B7900C8165D /* AuthTextField.swift in Sources */,
				3FC39F492C3D2AFB009FAC95 /* AppDelegate.swift in Sources */,
				3FC39F4B2C3D2AFB009FAC95 /* SceneDelegate.swift in Sources */,
				3F3D4D212C3D6488008F0DA6 /* PaleOrangeBtn.swift in Sources */,
				3FBF58202C42692B00C8165D /* SignInVC.swift in Sources */,
				3FBF581E2C42692000C8165D /* SignUpVC.swift in Sources */,
				3FBF58252C42735C00C8165D /* SubLabel.swift in Sources */,
				3FD134282C3D8D130031969F /* UIColor + Extension.swift in Sources */,
				3FBF58232C42716E00C8165D /* MainLabel.swift in Sources */,
			);
			runOnlyForDeploymentPostprocessing = 0;
		};
/* End PBXSourcesBuildPhase section */

/* Begin XCBuildConfiguration section */
		3FC39F572C3D2AFB009FAC95 /* Debug */ = {
			isa = XCBuildConfiguration;
			buildSettings = {
				ALWAYS_SEARCH_USER_PATHS = NO;
				ASSETCATALOG_COMPILER_GENERATE_SWIFT_ASSET_SYMBOL_EXTENSIONS = YES;
				CLANG_ANALYZER_NONNULL = YES;
				CLANG_ANALYZER_NUMBER_OBJECT_CONVERSION = YES_AGGRESSIVE;
				CLANG_CXX_LANGUAGE_STANDARD = "gnu++20";
				CLANG_ENABLE_MODULES = YES;
				CLANG_ENABLE_OBJC_ARC = YES;
				CLANG_ENABLE_OBJC_WEAK = YES;
				CLANG_WARN_BLOCK_CAPTURE_AUTORELEASING = YES;
				CLANG_WARN_BOOL_CONVERSION = YES;
				CLANG_WARN_COMMA = YES;
				CLANG_WARN_CONSTANT_CONVERSION = YES;
				CLANG_WARN_DEPRECATED_OBJC_IMPLEMENTATIONS = YES;
				CLANG_WARN_DIRECT_OBJC_ISA_USAGE = YES_ERROR;
				CLANG_WARN_DOCUMENTATION_COMMENTS = YES;
				CLANG_WARN_EMPTY_BODY = YES;
				CLANG_WARN_ENUM_CONVERSION = YES;
				CLANG_WARN_INFINITE_RECURSION = YES;
				CLANG_WARN_INT_CONVERSION = YES;
				CLANG_WARN_NON_LITERAL_NULL_CONVERSION = YES;
				CLANG_WARN_OBJC_IMPLICIT_RETAIN_SELF = YES;
				CLANG_WARN_OBJC_LITERAL_CONVERSION = YES;
				CLANG_WARN_OBJC_ROOT_CLASS = YES_ERROR;
				CLANG_WARN_QUOTED_INCLUDE_IN_FRAMEWORK_HEADER = YES;
				CLANG_WARN_RANGE_LOOP_ANALYSIS = YES;
				CLANG_WARN_STRICT_PROTOTYPES = YES;
				CLANG_WARN_SUSPICIOUS_MOVE = YES;
				CLANG_WARN_UNGUARDED_AVAILABILITY = YES_AGGRESSIVE;
				CLANG_WARN_UNREACHABLE_CODE = YES;
				CLANG_WARN__DUPLICATE_METHOD_MATCH = YES;
				COPY_PHASE_STRIP = NO;
				DEBUG_INFORMATION_FORMAT = dwarf;
				ENABLE_STRICT_OBJC_MSGSEND = YES;
				ENABLE_TESTABILITY = YES;
				ENABLE_USER_SCRIPT_SANDBOXING = NO;
				GCC_C_LANGUAGE_STANDARD = gnu17;
				GCC_DYNAMIC_NO_PIC = NO;
				GCC_NO_COMMON_BLOCKS = YES;
				GCC_OPTIMIZATION_LEVEL = 0;
				GCC_PREPROCESSOR_DEFINITIONS = (
					"DEBUG=1",
					"$(inherited)",
				);
				GCC_WARN_64_TO_32_BIT_CONVERSION = YES;
				GCC_WARN_ABOUT_RETURN_TYPE = YES_ERROR;
				GCC_WARN_UNDECLARED_SELECTOR = YES;
				GCC_WARN_UNINITIALIZED_AUTOS = YES_AGGRESSIVE;
				GCC_WARN_UNUSED_FUNCTION = YES;
				GCC_WARN_UNUSED_VARIABLE = YES;
				IPHONEOS_DEPLOYMENT_TARGET = 17.2;
				LOCALIZATION_PREFERS_STRING_CATALOGS = YES;
				MTL_ENABLE_DEBUG_INFO = INCLUDE_SOURCE;
				MTL_FAST_MATH = YES;
				ONLY_ACTIVE_ARCH = YES;
				SDKROOT = iphoneos;
				SWIFT_ACTIVE_COMPILATION_CONDITIONS = "DEBUG $(inherited)";
				SWIFT_OPTIMIZATION_LEVEL = "-Onone";
			};
			name = Debug;
		};
		3FC39F582C3D2AFB009FAC95 /* Release */ = {
			isa = XCBuildConfiguration;
			buildSettings = {
				ALWAYS_SEARCH_USER_PATHS = NO;
				ASSETCATALOG_COMPILER_GENERATE_SWIFT_ASSET_SYMBOL_EXTENSIONS = YES;
				CLANG_ANALYZER_NONNULL = YES;
				CLANG_ANALYZER_NUMBER_OBJECT_CONVERSION = YES_AGGRESSIVE;
				CLANG_CXX_LANGUAGE_STANDARD = "gnu++20";
				CLANG_ENABLE_MODULES = YES;
				CLANG_ENABLE_OBJC_ARC = YES;
				CLANG_ENABLE_OBJC_WEAK = YES;
				CLANG_WARN_BLOCK_CAPTURE_AUTORELEASING = YES;
				CLANG_WARN_BOOL_CONVERSION = YES;
				CLANG_WARN_COMMA = YES;
				CLANG_WARN_CONSTANT_CONVERSION = YES;
				CLANG_WARN_DEPRECATED_OBJC_IMPLEMENTATIONS = YES;
				CLANG_WARN_DIRECT_OBJC_ISA_USAGE = YES_ERROR;
				CLANG_WARN_DOCUMENTATION_COMMENTS = YES;
				CLANG_WARN_EMPTY_BODY = YES;
				CLANG_WARN_ENUM_CONVERSION = YES;
				CLANG_WARN_INFINITE_RECURSION = YES;
				CLANG_WARN_INT_CONVERSION = YES;
				CLANG_WARN_NON_LITERAL_NULL_CONVERSION = YES;
				CLANG_WARN_OBJC_IMPLICIT_RETAIN_SELF = YES;
				CLANG_WARN_OBJC_LITERAL_CONVERSION = YES;
				CLANG_WARN_OBJC_ROOT_CLASS = YES_ERROR;
				CLANG_WARN_QUOTED_INCLUDE_IN_FRAMEWORK_HEADER = YES;
				CLANG_WARN_RANGE_LOOP_ANALYSIS = YES;
				CLANG_WARN_STRICT_PROTOTYPES = YES;
				CLANG_WARN_SUSPICIOUS_MOVE = YES;
				CLANG_WARN_UNGUARDED_AVAILABILITY = YES_AGGRESSIVE;
				CLANG_WARN_UNREACHABLE_CODE = YES;
				CLANG_WARN__DUPLICATE_METHOD_MATCH = YES;
				COPY_PHASE_STRIP = NO;
				DEBUG_INFORMATION_FORMAT = "dwarf-with-dsym";
				ENABLE_NS_ASSERTIONS = NO;
				ENABLE_STRICT_OBJC_MSGSEND = YES;
				ENABLE_USER_SCRIPT_SANDBOXING = NO;
				GCC_C_LANGUAGE_STANDARD = gnu17;
				GCC_NO_COMMON_BLOCKS = YES;
				GCC_WARN_64_TO_32_BIT_CONVERSION = YES;
				GCC_WARN_ABOUT_RETURN_TYPE = YES_ERROR;
				GCC_WARN_UNDECLARED_SELECTOR = YES;
				GCC_WARN_UNINITIALIZED_AUTOS = YES_AGGRESSIVE;
				GCC_WARN_UNUSED_FUNCTION = YES;
				GCC_WARN_UNUSED_VARIABLE = YES;
				IPHONEOS_DEPLOYMENT_TARGET = 17.2;
				LOCALIZATION_PREFERS_STRING_CATALOGS = YES;
				MTL_ENABLE_DEBUG_INFO = NO;
				MTL_FAST_MATH = YES;
				SDKROOT = iphoneos;
				SWIFT_COMPILATION_MODE = wholemodule;
				VALIDATE_PRODUCT = YES;
			};
			name = Release;
		};
		3FC39F5A2C3D2AFB009FAC95 /* Debug */ = {
			isa = XCBuildConfiguration;
			baseConfigurationReference = A088B595E166346ABD1D43C5 /* Pods-TodoBucketApp.debug.xcconfig */;
			buildSettings = {
				ASSETCATALOG_COMPILER_APPICON_NAME = AppIcon;
				ASSETCATALOG_COMPILER_GLOBAL_ACCENT_COLOR_NAME = AccentColor;
				CODE_SIGN_STYLE = Automatic;
				CURRENT_PROJECT_VERSION = 1;
				DEVELOPMENT_TEAM = 3S2S9T38QB;
				GENERATE_INFOPLIST_FILE = YES;
				INFOPLIST_FILE = TodoBucketApp/Info.plist;
				INFOPLIST_KEY_UIApplicationSupportsIndirectInputEvents = YES;
				INFOPLIST_KEY_UILaunchStoryboardName = LaunchScreen;
				INFOPLIST_KEY_UIMainStoryboardFile = "";
				INFOPLIST_KEY_UISupportedInterfaceOrientations_iPad = "UIInterfaceOrientationPortrait UIInterfaceOrientationPortraitUpsideDown UIInterfaceOrientationLandscapeLeft UIInterfaceOrientationLandscapeRight";
				INFOPLIST_KEY_UISupportedInterfaceOrientations_iPhone = "UIInterfaceOrientationPortrait UIInterfaceOrientationLandscapeLeft UIInterfaceOrientationLandscapeRight";
				LD_RUNPATH_SEARCH_PATHS = (
					"$(inherited)",
					"@executable_path/Frameworks",
				);
				MARKETING_VERSION = 1.0;
				PRODUCT_BUNDLE_IDENTIFIER = com.dinstudio.TodoBucketApp;
				PRODUCT_NAME = "$(TARGET_NAME)";
				SWIFT_EMIT_LOC_STRINGS = YES;
				SWIFT_VERSION = 5.0;
				TARGETED_DEVICE_FAMILY = "1,2";
			};
			name = Debug;
		};
		3FC39F5B2C3D2AFB009FAC95 /* Release */ = {
			isa = XCBuildConfiguration;
			baseConfigurationReference = 204E7255245073C8DA9810FE /* Pods-TodoBucketApp.release.xcconfig */;
			buildSettings = {
				ASSETCATALOG_COMPILER_APPICON_NAME = AppIcon;
				ASSETCATALOG_COMPILER_GLOBAL_ACCENT_COLOR_NAME = AccentColor;
				CODE_SIGN_STYLE = Automatic;
				CURRENT_PROJECT_VERSION = 1;
				DEVELOPMENT_TEAM = 3S2S9T38QB;
				GENERATE_INFOPLIST_FILE = YES;
				INFOPLIST_FILE = TodoBucketApp/Info.plist;
				INFOPLIST_KEY_UIApplicationSupportsIndirectInputEvents = YES;
				INFOPLIST_KEY_UILaunchStoryboardName = LaunchScreen;
				INFOPLIST_KEY_UIMainStoryboardFile = "";
				INFOPLIST_KEY_UISupportedInterfaceOrientations_iPad = "UIInterfaceOrientationPortrait UIInterfaceOrientationPortraitUpsideDown UIInterfaceOrientationLandscapeLeft UIInterfaceOrientationLandscapeRight";
				INFOPLIST_KEY_UISupportedInterfaceOrientations_iPhone = "UIInterfaceOrientationPortrait UIInterfaceOrientationLandscapeLeft UIInterfaceOrientationLandscapeRight";
				LD_RUNPATH_SEARCH_PATHS = (
					"$(inherited)",
					"@executable_path/Frameworks",
				);
				MARKETING_VERSION = 1.0;
				PRODUCT_BUNDLE_IDENTIFIER = com.dinstudio.TodoBucketApp;
				PRODUCT_NAME = "$(TARGET_NAME)";
				SWIFT_EMIT_LOC_STRINGS = YES;
				SWIFT_VERSION = 5.0;
				TARGETED_DEVICE_FAMILY = "1,2";
			};
			name = Release;
		};
/* End XCBuildConfiguration section */

/* Begin XCConfigurationList section */
		3FC39F402C3D2AFA009FAC95 /* Build configuration list for PBXProject "TodoBucketApp" */ = {
			isa = XCConfigurationList;
			buildConfigurations = (
				3FC39F572C3D2AFB009FAC95 /* Debug */,
				3FC39F582C3D2AFB009FAC95 /* Release */,
			);
			defaultConfigurationIsVisible = 0;
			defaultConfigurationName = Release;
		};
		3FC39F592C3D2AFB009FAC95 /* Build configuration list for PBXNativeTarget "TodoBucketApp" */ = {
			isa = XCConfigurationList;
			buildConfigurations = (
				3FC39F5A2C3D2AFB009FAC95 /* Debug */,
				3FC39F5B2C3D2AFB009FAC95 /* Release */,
			);
			defaultConfigurationIsVisible = 0;
			defaultConfigurationName = Release;
		};
/* End XCConfigurationList section */
	};
	rootObject = 3FC39F3D2C3D2AFA009FAC95 /* Project object */;
}
